
Microsoft Visual Studio Solution File, Format Version 12.00
# Visual Studio 15
VisualStudioVersion = 15.0.26430.16
MinimumVisualStudioVersion = 10.0.40219.1
Project("{FAE04EC0-301F-11D3-BF4B-00C04F79EFBC}") = "RestApiClient.Core", "RestApiClient.Core\RestApiClient.Core.csproj", "{FEB92356-A10E-469F-AB8E-9C1D573C502B}"
EndProject
Project("{2150E333-8FDC-42A3-9474-1A3956D46DE8}") = "Tests", "Tests", "{7087F9B7-9846-4325-B49C-4A65D727099B}"
EndProject
Project("{FAE04EC0-301F-11D3-BF4B-00C04F79EFBC}") = "RestApiClient.Core.UnitTests", "Tests\RestApiClient.Core.UnitTests\RestApiClient.Core.UnitTests.csproj", "{173A739E-4529-46EB-81E3-01CBED953BF6}"
EndProject
Global
	GlobalSection(SolutionConfigurationPlatforms) = preSolution
		Debug|Any CPU = Debug|Any CPU
		Release|Any CPU = Release|Any CPU
	EndGlobalSection
	GlobalSection(ProjectConfigurationPlatforms) = postSolution
		{FEB92356-A10E-469F-AB8E-9C1D573C502B}.Debug|Any CPU.ActiveCfg = Debug|Any CPU
		{FEB92356-A10E-469F-AB8E-9C1D573C502B}.Debug|Any CPU.Build.0 = Debug|Any CPU
		{FEB92356-A10E-469F-AB8E-9C1D573C502B}.Release|Any CPU.ActiveCfg = Release|Any CPU
		{FEB92356-A10E-469F-AB8E-9C1D573C502B}.Release|Any CPU.Build.0 = Release|Any CPU
		{173A739E-4529-46EB-81E3-01CBED953BF6}.Debug|Any CPU.ActiveCfg = Debug|Any CPU
		{173A739E-4529-46EB-81E3-01CBED953BF6}.Debug|Any CPU.Build.0 = Debug|Any CPU
		{173A739E-4529-46EB-81E3-01CBED953BF6}.Release|Any CPU.ActiveCfg = Release|Any CPU
		{173A739E-4529-46EB-81E3-01CBED953BF6}.Release|Any CPU.Build.0 = Release|Any CPU
	EndGlobalSection
	GlobalSection(SolutionProperties) = preSolution
		HideSolutionNode = FALSE
	EndGlobalSection
	GlobalSection(NestedProjects) = preSolution
		{173A739E-4529-46EB-81E3-01CBED953BF6} = {7087F9B7-9846-4325-B49C-4A65D727099B}
	EndGlobalSection
EndGlobal
